{
  "version": "3",
  "redirects": {
    "https://deno.land/x/jsx/mod.ts": "https://deno.land/x/jsx@v0.1.5/mod.ts",
    "https://esm.sh/preact/jsx-runtime": "https://esm.sh/preact@10.18.1/jsx-runtime"
  },
  "remote": {
    "https://deno.land/std@0.193.0/_util/asserts.ts": "178dfc49a464aee693a7e285567b3d0b555dc805ff490505a8aae34f9cfb1462",
    "https://deno.land/std@0.193.0/_util/os.ts": "d932f56d41e4f6a6093d56044e29ce637f8dcc43c5a90af43504a889cf1775e3",
    "https://deno.land/std@0.193.0/async/abortable.ts": "fd682fa46f3b7b16b4606a5ab52a7ce309434b76f820d3221bdfb862719a15d7",
    "https://deno.land/std@0.193.0/async/deadline.ts": "58f72a3cc0fcb731b2cc055ba046f4b5be3349ff6bf98f2e793c3b969354aab2",
    "https://deno.land/std@0.193.0/async/debounce.ts": "adab11d04ca38d699444ac8a9d9856b4155e8dda2afd07ce78276c01ea5a4332",
    "https://deno.land/std@0.193.0/async/deferred.ts": "42790112f36a75a57db4a96d33974a936deb7b04d25c6084a9fa8a49f135def8",
    "https://deno.land/std@0.193.0/async/delay.ts": "73aa04cec034c84fc748c7be49bb15cac3dd43a57174bfdb7a4aec22c248f0dd",
    "https://deno.land/std@0.193.0/async/mod.ts": "f04344fa21738e5ad6bea37a6bfffd57c617c2d372bb9f9dcfd118a1b622e576",
    "https://deno.land/std@0.193.0/async/mux_async_iterator.ts": "70c7f2ee4e9466161350473ad61cac0b9f115cff4c552eaa7ef9d50c4cbb4cc9",
    "https://deno.land/std@0.193.0/async/pool.ts": "f1b8d3df4d7fd3c73f8cbc91cc2e8b8e950910f1eab94230b443944d7584c657",
    "https://deno.land/std@0.193.0/async/retry.ts": "b1ccf653954a4e52b3d9731e57d18b864e689a7462e78fb20440b11be9905080",
    "https://deno.land/std@0.193.0/async/tee.ts": "47e42d35f622650b02234d43803d0383a89eb4387e1b83b5a40106d18ae36757",
    "https://deno.land/std@0.193.0/crypto/to_hash_string.ts": "6927c768f3e373a1be4a31555a45ccecf7bd413105455cc334ad3f908cfa986f",
    "https://deno.land/std@0.193.0/encoding/base64.ts": "144ae6234c1fbe5b68666c711dc15b1e9ee2aef6d42b3b4345bf9a6c91d70d0d",
    "https://deno.land/std@0.193.0/encoding/hex.ts": "b4b1a7cb678745b0bf181ed8cf2498c7be00d121a7de244b752fbf9c7d9c48cd",
    "https://deno.land/std@0.193.0/fmt/colors.ts": "d67e3cd9f472535241a8e410d33423980bec45047e343577554d3356e1f0ef4e",
    "https://deno.land/std@0.193.0/fs/_util.ts": "fbf57dcdc9f7bc8128d60301eece608246971a7836a3bb1e78da75314f08b978",
    "https://deno.land/std@0.193.0/fs/walk.ts": "920be35a7376db6c0b5b1caf1486fb962925e38c9825f90367f8f26b5e5d0897",
    "https://deno.land/std@0.193.0/http/http_status.ts": "8a7bcfe3ac025199ad804075385e57f63d055b2aed539d943ccc277616d6f932",
    "https://deno.land/std@0.193.0/http/server.ts": "1b23463b5b36e4eebc495417f6af47a6f7d52e3294827a1226d2a1aab23d9d20",
    "https://deno.land/std@0.193.0/jsonc/mod.ts": "b88dce28eb3645667caa856538ae2fe87af51410822544a0b45a4177ef3bd7dd",
    "https://deno.land/std@0.193.0/jsonc/parse.ts": "2910e33bc7c3b243e3b6f3a39ce4d6ca84337b277a8df6f2ad2d9e4adbcddc08",
    "https://deno.land/std@0.193.0/media_types/_db.ts": "7606d83e31f23ce1a7968cbaee852810c2cf477903a095696cdc62eaab7ce570",
    "https://deno.land/std@0.193.0/media_types/_util.ts": "916efbd30b6148a716f110e67a4db29d6949bf4048997b754415dd7e42c52378",
    "https://deno.land/std@0.193.0/media_types/content_type.ts": "ad98a5aa2d95f5965b2796072284258710a25e520952376ed432b0937ce743bc",
    "https://deno.land/std@0.193.0/media_types/extension.ts": "a7cd28c9417143387cdfed27d4e8607ebcf5b1ec27eb8473d5b000144689fe65",
    "https://deno.land/std@0.193.0/media_types/extensions_by_type.ts": "43806d6a52a0d6d965ada9d20e60a982feb40bc7a82268178d94edb764694fed",
    "https://deno.land/std@0.193.0/media_types/format_media_type.ts": "f5e1073c05526a6f5a516ac5c5587a1abd043bf1039c71cde1166aa4328c8baf",
    "https://deno.land/std@0.193.0/media_types/get_charset.ts": "18b88274796fda5d353806bf409eb1d2ddb3f004eb4bd311662c4cdd8ac173db",
    "https://deno.land/std@0.193.0/media_types/mod.ts": "d3f0b99f85053bc0b98ecc24eaa3546dfa09b856dc0bbaf60d8956d2cdd710c8",
    "https://deno.land/std@0.193.0/media_types/parse_media_type.ts": "835c4112e1357e95b4f10d7cdea5ae1801967e444f48673ff8f1cb4d32af9920",
    "https://deno.land/std@0.193.0/media_types/type_by_extension.ts": "daa801eb0f11cdf199445d0f1b656cf116d47dcf9e5b85cc1e6b4469f5ee0432",
    "https://deno.land/std@0.193.0/media_types/vendor/mime-db.v1.52.0.ts": "6925bbcae81ca37241e3f55908d0505724358cda3384eaea707773b2c7e99586",
    "https://deno.land/std@0.193.0/path/_constants.ts": "e49961f6f4f48039c0dfed3c3f93e963ca3d92791c9d478ac5b43183413136e0",
    "https://deno.land/std@0.193.0/path/_interface.ts": "6471159dfbbc357e03882c2266d21ef9afdb1e4aa771b0545e90db58a0ba314b",
    "https://deno.land/std@0.193.0/path/_util.ts": "d7abb1e0dea065f427b89156e28cdeb32b045870acdf865833ba808a73b576d0",
    "https://deno.land/std@0.193.0/path/common.ts": "ee7505ab01fd22de3963b64e46cff31f40de34f9f8de1fff6a1bd2fe79380000",
    "https://deno.land/std@0.193.0/path/glob.ts": "d479e0a695621c94d3fd7fe7abd4f9499caf32a8de13f25073451c6ef420a4e1",
    "https://deno.land/std@0.193.0/path/mod.ts": "f065032a7189404fdac3ad1a1551a9ac84751d2f25c431e101787846c86c79ef",
    "https://deno.land/std@0.193.0/path/posix.ts": "8b7c67ac338714b30c816079303d0285dd24af6b284f7ad63da5b27372a2c94d",
    "https://deno.land/std@0.193.0/path/separator.ts": "0fb679739d0d1d7bf45b68dacfb4ec7563597a902edbaf3c59b50d5bcadd93b1",
    "https://deno.land/std@0.193.0/path/win32.ts": "d186344e5583bcbf8b18af416d13d82b35a317116e6460a5a3953508c3de5bba",
    "https://deno.land/std@0.193.0/regexp/escape.ts": "f5955d785245f6910c262ea2f0a284d2be7a76c54929c3f15f4df8d2a623f1d5",
    "https://deno.land/x/fresh@1.4.3/runtime.ts": "b02ec1e2e32cf73a33d262b7c9dcab9468ce16cd89fd424196c71003698a4ab0",
    "https://deno.land/x/fresh@1.4.3/src/runtime/build_id.ts": "8376e70e42ce456dfa6932c638409d2ef1bca4833b4ceba0bf74510080a7f976",
    "https://deno.land/x/fresh@1.4.3/src/runtime/csp.ts": "9ee900e9b0b786057b1009da5976298c202d1b86d1f1e4d2510bde5f06530ac9",
    "https://deno.land/x/fresh@1.4.3/src/runtime/head.ts": "0f9932874497ab6e57ed1ba01d549e843523df4a5d36ef97460e7a43e3132fdc",
    "https://deno.land/x/fresh@1.4.3/src/runtime/utils.ts": "9f6ef9125891490b34ba3567c8ab43deaf378855b1ccc857c4626d1f6797a868",
    "https://deno.land/x/fresh@1.4.3/src/server/build_id.ts": "510a23598d228aa8cf04aec3a60fc75e6f8da8c45822cdbc11d1fc1b6ff4b757",
    "https://deno.land/x/fresh@1.4.3/src/server/deps.ts": "9523494e164a9c71320550d90a6dbfa814e3562eb5034345b5ccdf4ab9e502ff",
    "https://deno.land/x/fresh_charts@0.3.1/Chart.tsx": "0b67f9c26bcfd7c86d185b80f6e3cedd0a0dbcfaf9f5a54c308ae06c34ba10d7",
    "https://deno.land/x/fresh_charts@0.3.1/core.ts": "16890d5ecf98a4c668a7052dfdd64994c0fe38f5b80c9654a6f6073798e6f783",
    "https://deno.land/x/fresh_charts@0.3.1/deps.ts": "954b239be312a2b29a75da5c21f9e1ba5c16b53d687e10c64b8292feee798b8c",
    "https://deno.land/x/fresh_charts@0.3.1/deps_server.ts": "73715afde9ed29a0adf9eef8253c9e581b0e1b61254d42379764d28f8cb63625",
    "https://deno.land/x/fresh_charts@0.3.1/mod.ts": "e42efd8c50b6e999cf74b83f88bfeb97da80225389d852fb24ff16e4752146c2",
    "https://deno.land/x/fresh_charts@0.3.1/render.ts": "972e90ec4e61e3354164a5f9df1731f7bad3e29b2834ceb2b667d6935ea98b69",
    "https://deno.land/x/fresh_charts@0.3.1/utils.ts": "23ce817f4b75b1bcb19c2a67bb2817220e768123b4cbece606e7037001e44dc3",
    "https://deno.land/x/jsx@v0.1.5/mod.ts": "24bb89837fda59c53c12a3c0e464378ca6de9b261dec1df57ba640b1cfed9611",
    "https://esm.sh/*preact-render-to-string@6.2.2": "9efdb61965a73c1c6006a9b9f36ce5305a97a678b271ad289c493e62d102352a",
    "https://esm.sh/preact@10.15.1": "2b79349676a4942fbcf835c4efa909791c2f0aeca195225bf22bac9866e94b4e",
    "https://esm.sh/preact@10.15.1/hooks": "185148362b77acad3fec1be815c42505a68c0a9b159948ed056a8612a0d4eb3b",
    "https://esm.sh/preact@10.18.1/jsx-runtime": "019f849249d70baa9aefb684a8f1fbc350a893beae719a60b6c80adf3463b073",
    "https://esm.sh/stable/@kurkle/color@0.3.1": "85fb096404f0c267cfaccbc0ea8eb12e1e91fc78d15b60bf1d1e7ced3a83d167",
    "https://esm.sh/stable/chart.js@4.3.0/auto?target=es2022": "d42429b4aa087a11cc517e37661188dec86a90d305e69f7ddf6b66665a090430",
    "https://esm.sh/stable/preact@10.15.1/denonext/hooks.js": "5c989ad368cf4f2cb3a5d7d1801843d9348c599fe3e7731d04728f7b845d724e",
    "https://esm.sh/stable/preact@10.15.1/denonext/preact.mjs": "30710ac1d5ff3711ae0c04eddbeb706f34f82d97489f61aaf09897bc75d2a628",
    "https://esm.sh/stable/preact@10.18.1/denonext/jsx-runtime.js": "be3f1ff4c3c03b08ed19d69428e35bf3d90360a8e081a2e60075ddfd38fd86df",
    "https://esm.sh/stable/preact@10.18.1/denonext/preact.mjs": "b2ad171554b90f2be0f30b1318f63d0df90420b2bdb727fddd97193daa177f84",
    "https://esm.sh/stable/red-agate-svg-canvas@0.5.0": "0fc62af1aa96a6cbd2e36527728ca9a32ab10ab68dbdbd4409b60523612804b4",
    "https://esm.sh/v128/@kurkle/color@0.3.1/denonext/color.mjs": "ceebe66dd0036fd9ae6e4c0f71a45b16239380f1d0fead68194cebe4f13600ac",
    "https://esm.sh/v128/@kurkle/color@0.3.2/es2022/color.mjs": "f58a39cebaabcb9796e07a5dd67040dd3284abbd22af200ab80eccf419009c26",
    "https://esm.sh/v128/chart.js@4.3.0/es2022/auto.js": "ba9fa004b7b3f5c68b6875298549666e70475d95b91773a0cc9eca7f734b5182",
    "https://esm.sh/v128/red-agate-svg-canvas@0.5.0/denonext/red-agate-svg-canvas.mjs": "2ef173c836debd43c5b3b2defc59caa9eafe065dc262407c402ecbcdcd47d1a3",
    "https://esm.sh/v128/red-agate-util@0.5.0/denonext/modules/convert/Base64.js": "ae35090536776a59cc5c1bb235990ff45d220bdbcae31db3b8d27fddcff4b666",
    "https://esm.sh/v128/red-agate-util@0.5.0/denonext/modules/convert/Escape.js": "32047eef1cbdb443e13b2f58b61267e22c47cadf59427f8278c8c040342074a6",
    "https://esm.sh/v128/red-agate-util@0.5.0/denonext/modules/convert/NumberPrecision.js": "ac3cf952b4ac33688223f96567fea8dca53f257cde247da7a464a19b8cf34f76",
    "https://esm.sh/v128/red-agate-util@0.5.0/denonext/modules/convert/TextEncoding.js": "9e88e2da12251eeb2515ef7b378bfab08759164f44d9948dbecd563a7a618f50",
    "https://esm.sh/v128/red-agate-util@0.5.0/denonext/modules/convert/WordWrap.js": "41050522a3f108b09d7304ae90200f42f62f190051b8c807501385f0733495cc",
    "https://esm.sh/v133/preact-render-to-string@6.2.2/X-ZS8q/denonext/preact-render-to-string.mjs": "55283fc14993c67474322e5632215b2a06deeb7d4ff986031dcfff31a5b0b74c"
  }
}
